
Microsoft Visual Studio Solution File, Format Version 12.00
# Visual Studio Version 16
VisualStudioVersion = 16.0.32228.343
MinimumVisualStudioVersion = 10.0.40219.1
Project("{FAE04EC0-301F-11D3-BF4B-00C04F79EFBC}") = "ClassLibraryTranslator", "ClassLibraryTranslator\ClassLibraryTranslator.csproj", "{B79A8C66-3E9B-4320-83F5-00A1C47D5915}"
EndProject
Project("{FAE04EC0-301F-11D3-BF4B-00C04F79EFBC}") = "WindowsFormsAppTranslator", "WindowsFormsAppTranslator\WindowsFormsAppTranslator.csproj", "{2747849B-B263-482A-B381-D88E03ECFD45}"
EndProject
Global
	GlobalSection(SolutionConfigurationPlatforms) = preSolution
		Debug|Any CPU = Debug|Any CPU
		Release|Any CPU = Release|Any CPU
	EndGlobalSection
	GlobalSection(ProjectConfigurationPlatforms) = postSolution
		{B79A8C66-3E9B-4320-83F5-00A1C47D5915}.Debug|Any CPU.ActiveCfg = Debug|Any CPU
		{B79A8C66-3E9B-4320-83F5-00A1C47D5915}.Debug|Any CPU.Build.0 = Debug|Any CPU
		{B79A8C66-3E9B-4320-83F5-00A1C47D5915}.Release|Any CPU.ActiveCfg = Release|Any CPU
		{B79A8C66-3E9B-4320-83F5-00A1C47D5915}.Release|Any CPU.Build.0 = Release|Any CPU
		{2747849B-B263-482A-B381-D88E03ECFD45}.Debug|Any CPU.ActiveCfg = Debug|Any CPU
		{2747849B-B263-482A-B381-D88E03ECFD45}.Debug|Any CPU.Build.0 = Debug|Any CPU
		{2747849B-B263-482A-B381-D88E03ECFD45}.Release|Any CPU.ActiveCfg = Release|Any CPU
		{2747849B-B263-482A-B381-D88E03ECFD45}.Release|Any CPU.Build.0 = Release|Any CPU
	EndGlobalSection
	GlobalSection(SolutionProperties) = preSolution
		HideSolutionNode = FALSE
	EndGlobalSection
	GlobalSection(ExtensibilityGlobals) = postSolution
		SolutionGuid = {5BDBCAB0-6193-4CED-AC45-A2F80BA900C6}
	EndGlobalSection
EndGlobal
